{
    "name": "com.bp.iconify",
    "version": "0.1.0",
    "lockfileVersion": 3,
    "requires": true,
    "packages": {
        "": {
            "name": "com.bp.iconify",
            "version": "0.1.0",
            "dependencies": {
                "com.bp.iconify": "file:"
            }
        },
        "node_modules/com.bp.iconify": {
            "resolved": "",
            "link": true
        }
    }
}
